// !$*UTF8*$!
{
	archiveVersion = 1;
	classes = {
	};
	objectVersion = 56;
	objects = {

/* Begin PBXBuildFile section */
		52034C562AA5ED03001F073C /* AppDelegate.swift in Sources */ = {isa = PBXBuildFile; fileRef = 52034C552AA5ED03001F073C /* AppDelegate.swift */; };
		52034C582AA5ED03001F073C /* SceneDelegate.swift in Sources */ = {isa = PBXBuildFile; fileRef = 52034C572AA5ED03001F073C /* SceneDelegate.swift */; };
		52034C5A2AA5ED03001F073C /* ViewController.swift in Sources */ = {isa = PBXBuildFile; fileRef = 52034C592AA5ED03001F073C /* ViewController.swift */; };
		52034C5D2AA5ED03001F073C /* Main.storyboard in Resources */ = {isa = PBXBuildFile; fileRef = 52034C5B2AA5ED03001F073C /* Main.storyboard */; };
		52034C602AA5ED03001F073C /* ArtBook.xcdatamodeld in Sources */ = {isa = PBXBuildFile; fileRef = 52034C5E2AA5ED03001F073C /* ArtBook.xcdatamodeld */; };
		52034C622AA5ED03001F073C /* Assets.xcassets in Resources */ = {isa = PBXBuildFile; fileRef = 52034C612AA5ED03001F073C /* Assets.xcassets */; };
		52034C652AA5ED03001F073C /* LaunchScreen.storyboard in Resources */ = {isa = PBXBuildFile; fileRef = 52034C632AA5ED03001F073C /* LaunchScreen.storyboard */; };
		52034C6D2AA61E86001F073C /* DetailsViewController.swift in Sources */ = {isa = PBXBuildFile; fileRef = 52034C6C2AA61E86001F073C /* DetailsViewController.swift */; };
/* End PBXBuildFile section */

/* Begin PBXFileReference section */
		52034C522AA5ED03001F073C /* ArtBook.app */ = {isa = PBXFileReference; explicitFileType = wrapper.application; includeInIndex = 0; path = ArtBook.app; sourceTree = BUILT_PRODUCTS_DIR; };
		52034C552AA5ED03001F073C /* AppDelegate.swift */ = {isa = PBXFileReference; lastKnownFileType = sourcecode.swift; path = AppDelegate.swift; sourceTree = "<group>"; };
		52034C572AA5ED03001F073C /* SceneDelegate.swift */ = {isa = PBXFileReference; lastKnownFileType = sourcecode.swift; path = SceneDelegate.swift; sourceTree = "<group>"; };
		52034C592AA5ED03001F073C /* ViewController.swift */ = {isa = PBXFileReference; lastKnownFileType = sourcecode.swift; path = ViewController.swift; sourceTree = "<group>"; };
		52034C5C2AA5ED03001F073C /* Base */ = {isa = PBXFileReference; lastKnownFileType = file.storyboard; name = Base; path = Base.lproj/Main.storyboard; sourceTree = "<group>"; };
		52034C5F2AA5ED03001F073C /* ArtBook.xcdatamodel */ = {isa = PBXFileReference; lastKnownFileType = wrapper.xcdatamodel; path = ArtBook.xcdatamodel; sourceTree = "<group>"; };
		52034C612AA5ED03001F073C /* Assets.xcassets */ = {isa = PBXFileReference; lastKnownFileType = folder.assetcatalog; path = Assets.xcassets; sourceTree = "<group>"; };
		52034C642AA5ED03001F073C /* Base */ = {isa = PBXFileReference; lastKnownFileType = file.storyboard; name = Base; path = Base.lproj/LaunchScreen.storyboard; sourceTree = "<group>"; };
		52034C662AA5ED03001F073C /* Info.plist */ = {isa = PBXFileReference; lastKnownFileType = text.plist.xml; path = Info.plist; sourceTree = "<group>"; };
		52034C6C2AA61E86001F073C /* DetailsViewController.swift */ = {isa = PBXFileReference; lastKnownFileType = sourcecode.swift; path = DetailsViewController.swift; sourceTree = "<group>"; };
/* End PBXFileReference section */

/* Begin PBXFrameworksBuildPhase section */
		52034C4F2AA5ED03001F073C /* Frameworks */ = {
			isa = PBXFrameworksBuildPhase;
			buildActionMask = 2147483647;
			files = (
			);
			runOnlyForDeploymentPostprocessing = 0;
		};
/* End PBXFrameworksBuildPhase section */

/* Begin PBXGroup section */
		52034C492AA5ED02001F073C = {
			isa = PBXGroup;
			children = (
				52034C542AA5ED03001F073C /* ArtBook */,
				52034C532AA5ED03001F073C /* Products */,
			);
			sourceTree = "<group>";
		};
		52034C532AA5ED03001F073C /* Products */ = {
			isa = PBXGroup;
			children = (
				52034C522AA5ED03001F073C /* ArtBook.app */,
			);
			name = Products;
			sourceTree = "<group>";
		};
		52034C542AA5ED03001F073C /* ArtBook */ = {
			isa = PBXGroup;
			children = (
				52034C552AA5ED03001F073C /* AppDelegate.swift */,
				52034C572AA5ED03001F073C /* SceneDelegate.swift */,
				52034C592AA5ED03001F073C /* ViewController.swift */,
				52034C6C2AA61E86001F073C /* DetailsViewController.swift */,
				52034C5B2AA5ED03001F073C /* Main.storyboard */,
				52034C612AA5ED03001F073C /* Assets.xcassets */,
				52034C632AA5ED03001F073C /* LaunchScreen.storyboard */,
				52034C662AA5ED03001F073C /* Info.plist */,
				52034C5E2AA5ED03001F073C /* ArtBook.xcdatamodeld */,
			);
			path = ArtBook;
			sourceTree = "<group>";
		};
/* End PBXGroup section */

/* Begin PBXNativeTarget section */
		52034C512AA5ED03001F073C /* ArtBook */ = {
			isa = PBXNativeTarget;
			buildConfigurationList = 52034C692AA5ED03001F073C /* Build configuration list for PBXNativeTarget "ArtBook" */;
			buildPhases = (
				52034C4E2AA5ED03001F073C /* Sources */,
				52034C4F2AA5ED03001F073C /* Frameworks */,
				52034C502AA5ED03001F073C /* Resources */,
			);
			buildRules = (
			);
			dependencies = (
			);
			name = ArtBook;
			productName = ArtBook;
			productReference = 52034C522AA5ED03001F073C /* ArtBook.app */;
			productType = "com.apple.product-type.application";
		};
/* End PBXNativeTarget section */

/* Begin PBXProject section */
		52034C4A2AA5ED02001F073C /* Project object */ = {
			isa = PBXProject;
			attributes = {
				BuildIndependentTargetsInParallel = 1;
				LastSwiftUpdateCheck = 1430;
				LastUpgradeCheck = 1430;
				TargetAttributes = {
					52034C512AA5ED03001F073C = {
						CreatedOnToolsVersion = 14.3.1;
					};
				};
			};
			buildConfigurationList = 52034C4D2AA5ED02001F073C /* Build configuration list for PBXProject "ArtBook" */;
			compatibilityVersion = "Xcode 14.0";
			developmentRegion = en;
			hasScannedForEncodings = 0;
			knownRegions = (
				en,
				Base,
			);
			mainGroup = 52034C492AA5ED02001F073C;
			productRefGroup = 52034C532AA5ED03001F073C /* Products */;
			projectDirPath = "";
			projectRoot = "";
			targets = (
				52034C512AA5ED03001F073C /* ArtBook */,
			);
		};
/* End PBXProject section */

/* Begin PBXResourcesBuildPhase section */
		52034C502AA5ED03001F073C /* Resources */ = {
			isa = PBXResourcesBuildPhase;
			buildActionMask = 2147483647;
			files = (
				52034C652AA5ED03001F073C /* LaunchScreen.storyboard in Resources */,
				52034C622AA5ED03001F073C /* Assets.xcassets in Resources */,
				52034C5D2AA5ED03001F073C /* Main.storyboard in Resources */,
			);
			runOnlyForDeploymentPostprocessing = 0;
		};
/* End PBXResourcesBuildPhase section */

/* Begin PBXSourcesBuildPhase section */
		52034C4E2AA5ED03001F073C /* Sources */ = {
			isa = PBXSourcesBuildPhase;
			buildActionMask = 2147483647;
			files = (
				52034C5A2AA5ED03001F073C /* ViewController.swift in Sources */,
				52034C562AA5ED03001F073C /* AppDelegate.swift in Sources */,
				52034C602AA5ED03001F073C /* ArtBook.xcdatamodeld in Sources */,
				52034C582AA5ED03001F073C /* SceneDelegate.swift in Sources */,
				52034C6D2AA61E86001F073C /* DetailsViewController.swift in Sources */,
			);
			runOnlyForDeploymentPostprocessing = 0;
		};
/* End PBXSourcesBuildPhase section */

/* Begin PBXVariantGroup section */
		52034C5B2AA5ED03001F073C /* Main.storyboard */ = {
			isa = PBXVariantGroup;
			children = (
				52034C5C2AA5ED03001F073C /* Base */,
			);
			name = Main.storyboard;
			sourceTree = "<group>";
		};
		52034C632AA5ED03001F073C /* LaunchScreen.storyboard */ = {
			isa = PBXVariantGroup;
			children = (
				52034C642AA5ED03001F073C /* Base */,
			);
			name = LaunchScreen.storyboard;
			sourceTree = "<group>";
		};
/* End PBXVariantGroup section */

/* Begin XCBuildConfiguration section */
		52034C672AA5ED03001F073C /* Debug */ = {
			isa = XCBuildConfiguration;
			buildSettings = {
				ALWAYS_SEARCH_USER_PATHS = NO;
				CLANG_ANALYZER_NONNULL = YES;
				CLANG_ANALYZER_NUMBER_OBJECT_CONVERSION = YES_AGGRESSIVE;
				CLANG_CXX_LANGUAGE_STANDARD = "gnu++20";
				CLANG_ENABLE_MODULES = YES;
				CLANG_ENABLE_OBJC_ARC = YES;
				CLANG_ENABLE_OBJC_WEAK = YES;
				CLANG_WARN_BLOCK_CAPTURE_AUTORELEASING = YES;
				CLANG_WARN_BOOL_CONVERSION = YES;
				CLANG_WARN_COMMA = YES;
				CLANG_WARN_CONSTANT_CONVERSION = YES;
				CLANG_WARN_DEPRECATED_OBJC_IMPLEMENTATIONS = YES;
				CLANG_WARN_DIRECT_OBJC_ISA_USAGE = YES_ERROR;
				CLANG_WARN_DOCUMENTATION_COMMENTS = YES;
				CLANG_WARN_EMPTY_BODY = YES;
				CLANG_WARN_ENUM_CONVERSION = YES;
				CLANG_WARN_INFINITE_RECURSION = YES;
				CLANG_WARN_INT_CONVERSION = YES;
				CLANG_WARN_NON_LITERAL_NULL_CONVERSION = YES;
				CLANG_WARN_OBJC_IMPLICIT_RETAIN_SELF = YES;
				CLANG_WARN_OBJC_LITERAL_CONVERSION = YES;
				CLANG_WARN_OBJC_ROOT_CLASS = YES_ERROR;
				CLANG_WARN_QUOTED_INCLUDE_IN_FRAMEWORK_HEADER = YES;
				CLANG_WARN_RANGE_LOOP_ANALYSIS = YES;
				CLANG_WARN_STRICT_PROTOTYPES = YES;
				CLANG_WARN_SUSPICIOUS_MOVE = YES;
				CLANG_WARN_UNGUARDED_AVAILABILITY = YES_AGGRESSIVE;
				CLANG_WARN_UNREACHABLE_CODE = YES;
				CLANG_WARN__DUPLICATE_METHOD_MATCH = YES;
				COPY_PHASE_STRIP = NO;
				DEBUG_INFORMATION_FORMAT = dwarf;
				ENABLE_STRICT_OBJC_MSGSEND = YES;
				ENABLE_TESTABILITY = YES;
				GCC_C_LANGUAGE_STANDARD = gnu11;
				GCC_DYNAMIC_NO_PIC = NO;
				GCC_NO_COMMON_BLOCKS = YES;
				GCC_OPTIMIZATION_LEVEL = 0;
				GCC_PREPROCESSOR_DEFINITIONS = (
					"DEBUG=1",
					"$(inherited)",
				);
				GCC_WARN_64_TO_32_BIT_CONVERSION = YES;
				GCC_WARN_ABOUT_RETURN_TYPE = YES_ERROR;
				GCC_WARN_UNDECLARED_SELECTOR = YES;
				GCC_WARN_UNINITIALIZED_AUTOS = YES_AGGRESSIVE;
				GCC_WARN_UNUSED_FUNCTION = YES;
				GCC_WARN_UNUSED_VARIABLE = YES;
				IPHONEOS_DEPLOYMENT_TARGET = 16.4;
				MTL_ENABLE_DEBUG_INFO = INCLUDE_SOURCE;
				MTL_FAST_MATH = YES;
				ONLY_ACTIVE_ARCH = YES;
				SDKROOT = iphoneos;
				SWIFT_ACTIVE_COMPILATION_CONDITIONS = DEBUG;
				SWIFT_OPTIMIZATION_LEVEL = "-Onone";
			};
			name = Debug;
		};
		52034C682AA5ED03001F073C /* Release */ = {
			isa = XCBuildConfiguration;
			buildSettings = {
				ALWAYS_SEARCH_USER_PATHS = NO;
				CLANG_ANALYZER_NONNULL = YES;
				CLANG_ANALYZER_NUMBER_OBJECT_CONVERSION = YES_AGGRESSIVE;
				CLANG_CXX_LANGUAGE_STANDARD = "gnu++20";
				CLANG_ENABLE_MODULES = YES;
				CLANG_ENABLE_OBJC_ARC = YES;
				CLANG_ENABLE_OBJC_WEAK = YES;
				CLANG_WARN_BLOCK_CAPTURE_AUTORELEASING = YES;
				CLANG_WARN_BOOL_CONVERSION = YES;
				CLANG_WARN_COMMA = YES;
				CLANG_WARN_CONSTANT_CONVERSION = YES;
				CLANG_WARN_DEPRECATED_OBJC_IMPLEMENTATIONS = YES;
				CLANG_WARN_DIRECT_OBJC_ISA_USAGE = YES_ERROR;
				CLANG_WARN_DOCUMENTATION_COMMENTS = YES;
				CLANG_WARN_EMPTY_BODY = YES;
				CLANG_WARN_ENUM_CONVERSION = YES;
				CLANG_WARN_INFINITE_RECURSION = YES;
				CLANG_WARN_INT_CONVERSION = YES;
				CLANG_WARN_NON_LITERAL_NULL_CONVERSION = YES;
				CLANG_WARN_OBJC_IMPLICIT_RETAIN_SELF = YES;
				CLANG_WARN_OBJC_LITERAL_CONVERSION = YES;
				CLANG_WARN_OBJC_ROOT_CLASS = YES_ERROR;
				CLANG_WARN_QUOTED_INCLUDE_IN_FRAMEWORK_HEADER = YES;
				CLANG_WARN_RANGE_LOOP_ANALYSIS = YES;
				CLANG_WARN_STRICT_PROTOTYPES = YES;
				CLANG_WARN_SUSPICIOUS_MOVE = YES;
				CLANG_WARN_UNGUARDED_AVAILABILITY = YES_AGGRESSIVE;
				CLANG_WARN_UNREACHABLE_CODE = YES;
				CLANG_WARN__DUPLICATE_METHOD_MATCH = YES;
				COPY_PHASE_STRIP = NO;
				DEBUG_INFORMATION_FORMAT = "dwarf-with-dsym";
				ENABLE_NS_ASSERTIONS = NO;
				ENABLE_STRICT_OBJC_MSGSEND = YES;
				GCC_C_LANGUAGE_STANDARD = gnu11;
				GCC_NO_COMMON_BLOCKS = YES;
				GCC_WARN_64_TO_32_BIT_CONVERSION = YES;
				GCC_WARN_ABOUT_RETURN_TYPE = YES_ERROR;
				GCC_WARN_UNDECLARED_SELECTOR = YES;
				GCC_WARN_UNINITIALIZED_AUTOS = YES_AGGRESSIVE;
				GCC_WARN_UNUSED_FUNCTION = YES;
				GCC_WARN_UNUSED_VARIABLE = YES;
				IPHONEOS_DEPLOYMENT_TARGET = 16.4;
				MTL_ENABLE_DEBUG_INFO = NO;
				MTL_FAST_MATH = YES;
				SDKROOT = iphoneos;
				SWIFT_COMPILATION_MODE = wholemodule;
				SWIFT_OPTIMIZATION_LEVEL = "-O";
				VALIDATE_PRODUCT = YES;
			};
			name = Release;
		};
		52034C6A2AA5ED03001F073C /* Debug */ = {
			isa = XCBuildConfiguration;
			buildSettings = {
				ASSETCATALOG_COMPILER_APPICON_NAME = AppIcon;
				ASSETCATALOG_COMPILER_GLOBAL_ACCENT_COLOR_NAME = AccentColor;
				CODE_SIGN_STYLE = Automatic;
				CURRENT_PROJECT_VERSION = 1;
				DEVELOPMENT_TEAM = MSQCXVM7HL;
				GENERATE_INFOPLIST_FILE = YES;
				INFOPLIST_FILE = ArtBook/Info.plist;
				INFOPLIST_KEY_UIApplicationSupportsIndirectInputEvents = YES;
				INFOPLIST_KEY_UILaunchStoryboardName = LaunchScreen;
				INFOPLIST_KEY_UIMainStoryboardFile = Main;
				INFOPLIST_KEY_UISupportedInterfaceOrientations_iPad = "UIInterfaceOrientationPortrait UIInterfaceOrientationPortraitUpsideDown UIInterfaceOrientationLandscapeLeft UIInterfaceOrientationLandscapeRight";
				INFOPLIST_KEY_UISupportedInterfaceOrientations_iPhone = "UIInterfaceOrientationPortrait UIInterfaceOrientationLandscapeLeft UIInterfaceOrientationLandscapeRight";
				LD_RUNPATH_SEARCH_PATHS = (
					"$(inherited)",
					"@executable_path/Frameworks",
				);
				MARKETING_VERSION = 1.0;
				PRODUCT_BUNDLE_IDENTIFIER = com.ilkertacyildiz.ArtBook;
				PRODUCT_NAME = "$(TARGET_NAME)";
				SWIFT_EMIT_LOC_STRINGS = YES;
				SWIFT_VERSION = 5.0;
				TARGETED_DEVICE_FAMILY = "1,2";
			};
			name = Debug;
		};
		52034C6B2AA5ED03001F073C /* Release */ = {
			isa = XCBuildConfiguration;
			buildSettings = {
				ASSETCATALOG_COMPILER_APPICON_NAME = AppIcon;
				ASSETCATALOG_COMPILER_GLOBAL_ACCENT_COLOR_NAME = AccentColor;
				CODE_SIGN_STYLE = Automatic;
				CURRENT_PROJECT_VERSION = 1;
				DEVELOPMENT_TEAM = MSQCXVM7HL;
				GENERATE_INFOPLIST_FILE = YES;
				INFOPLIST_FILE = ArtBook/Info.plist;
				INFOPLIST_KEY_UIApplicationSupportsIndirectInputEvents = YES;
				INFOPLIST_KEY_UILaunchStoryboardName = LaunchScreen;
				INFOPLIST_KEY_UIMainStoryboardFile = Main;
				INFOPLIST_KEY_UISupportedInterfaceOrientations_iPad = "UIInterfaceOrientationPortrait UIInterfaceOrientationPortraitUpsideDown UIInterfaceOrientationLandscapeLeft UIInterfaceOrientationLandscapeRight";
				INFOPLIST_KEY_UISupportedInterfaceOrientations_iPhone = "UIInterfaceOrientationPortrait UIInterfaceOrientationLandscapeLeft UIInterfaceOrientationLandscapeRight";
				LD_RUNPATH_SEARCH_PATHS = (
					"$(inherited)",
					"@executable_path/Frameworks",
				);
				MARKETING_VERSION = 1.0;
				PRODUCT_BUNDLE_IDENTIFIER = com.ilkertacyildiz.ArtBook;
				PRODUCT_NAME = "$(TARGET_NAME)";
				SWIFT_EMIT_LOC_STRINGS = YES;
				SWIFT_VERSION = 5.0;
				TARGETED_DEVICE_FAMILY = "1,2";
			};
			name = Release;
		};
/* End XCBuildConfiguration section */

/* Begin XCConfigurationList section */
		52034C4D2AA5ED02001F073C /* Build configuration list for PBXProject "ArtBook" */ = {
			isa = XCConfigurationList;
			buildConfigurations = (
				52034C672AA5ED03001F073C /* Debug */,
				52034C682AA5ED03001F073C /* Release */,
			);
			defaultConfigurationIsVisible = 0;
			defaultConfigurationName = Release;
		};
		52034C692AA5ED03001F073C /* Build configuration list for PBXNativeTarget "ArtBook" */ = {
			isa = XCConfigurationList;
			buildConfigurations = (
				52034C6A2AA5ED03001F073C /* Debug */,
				52034C6B2AA5ED03001F073C /* Release */,
			);
			defaultConfigurationIsVisible = 0;
			defaultConfigurationName = Release;
		};
/* End XCConfigurationList section */

/* Begin XCVersionGroup section */
		52034C5E2AA5ED03001F073C /* ArtBook.xcdatamodeld */ = {
			isa = XCVersionGroup;
			children = (
				52034C5F2AA5ED03001F073C /* ArtBook.xcdatamodel */,
			);
			currentVersion = 52034C5F2AA5ED03001F073C /* ArtBook.xcdatamodel */;
			path = ArtBook.xcdatamodeld;
			sourceTree = "<group>";
			versionGroupType = wrapper.xcdatamodel;
		};
/* End XCVersionGroup section */
	};
	rootObject = 52034C4A2AA5ED02001F073C /* Project object */;
}
