// !$*UTF8*$!
{
	archiveVersion = 1;
	classes = {
	};
	objectVersion = 56;
	objects = {

/* Begin PBXBuildFile section */
		52246BBF2A2CBF5300378FA9 /* AppDelegate.swift in Sources */ = {isa = PBXBuildFile; fileRef = 52246BBE2A2CBF5300378FA9 /* AppDelegate.swift */; };
		52246BC12A2CBF5300378FA9 /* SceneDelegate.swift in Sources */ = {isa = PBXBuildFile; fileRef = 52246BC02A2CBF5300378FA9 /* SceneDelegate.swift */; };
		52246BC32A2CBF5300378FA9 /* ViewController.swift in Sources */ = {isa = PBXBuildFile; fileRef = 52246BC22A2CBF5300378FA9 /* ViewController.swift */; };
		52246BC62A2CBF5300378FA9 /* Main.storyboard in Resources */ = {isa = PBXBuildFile; fileRef = 52246BC42A2CBF5300378FA9 /* Main.storyboard */; };
		52246BC82A2CBF5400378FA9 /* Assets.xcassets in Resources */ = {isa = PBXBuildFile; fileRef = 52246BC72A2CBF5400378FA9 /* Assets.xcassets */; };
		52246BCB2A2CBF5500378FA9 /* LaunchScreen.storyboard in Resources */ = {isa = PBXBuildFile; fileRef = 52246BC92A2CBF5500378FA9 /* LaunchScreen.storyboard */; };
		52246BD32A2CC08900378FA9 /* CryptoTableViewCell.swift in Sources */ = {isa = PBXBuildFile; fileRef = 52246BD22A2CC08900378FA9 /* CryptoTableViewCell.swift */; };
		52246BD92A2CC1F100378FA9 /* CryptoCurrency.swift in Sources */ = {isa = PBXBuildFile; fileRef = 52246BD82A2CC1F100378FA9 /* CryptoCurrency.swift */; };
		52246BDB2A2D1E1500378FA9 /* Webservice.swift in Sources */ = {isa = PBXBuildFile; fileRef = 52246BDA2A2D1E1500378FA9 /* Webservice.swift */; };
		52246BDD2A2D21AD00378FA9 /* CryptoViewModel.swift in Sources */ = {isa = PBXBuildFile; fileRef = 52246BDC2A2D21AD00378FA9 /* CryptoViewModel.swift */; };
/* End PBXBuildFile section */

/* Begin PBXFileReference section */
		52246BBB2A2CBF5300378FA9 /* CryptoList.app */ = {isa = PBXFileReference; explicitFileType = wrapper.application; includeInIndex = 0; path = CryptoList.app; sourceTree = BUILT_PRODUCTS_DIR; };
		52246BBE2A2CBF5300378FA9 /* AppDelegate.swift */ = {isa = PBXFileReference; lastKnownFileType = sourcecode.swift; path = AppDelegate.swift; sourceTree = "<group>"; };
		52246BC02A2CBF5300378FA9 /* SceneDelegate.swift */ = {isa = PBXFileReference; lastKnownFileType = sourcecode.swift; path = SceneDelegate.swift; sourceTree = "<group>"; };
		52246BC22A2CBF5300378FA9 /* ViewController.swift */ = {isa = PBXFileReference; lastKnownFileType = sourcecode.swift; path = ViewController.swift; sourceTree = "<group>"; };
		52246BC52A2CBF5300378FA9 /* Base */ = {isa = PBXFileReference; lastKnownFileType = file.storyboard; name = Base; path = Base.lproj/Main.storyboard; sourceTree = "<group>"; };
		52246BC72A2CBF5400378FA9 /* Assets.xcassets */ = {isa = PBXFileReference; lastKnownFileType = folder.assetcatalog; path = Assets.xcassets; sourceTree = "<group>"; };
		52246BCA2A2CBF5500378FA9 /* Base */ = {isa = PBXFileReference; lastKnownFileType = file.storyboard; name = Base; path = Base.lproj/LaunchScreen.storyboard; sourceTree = "<group>"; };
		52246BCC2A2CBF5500378FA9 /* Info.plist */ = {isa = PBXFileReference; lastKnownFileType = text.plist.xml; path = Info.plist; sourceTree = "<group>"; };
		52246BD22A2CC08900378FA9 /* CryptoTableViewCell.swift */ = {isa = PBXFileReference; lastKnownFileType = sourcecode.swift; path = CryptoTableViewCell.swift; sourceTree = "<group>"; };
		52246BD82A2CC1F100378FA9 /* CryptoCurrency.swift */ = {isa = PBXFileReference; lastKnownFileType = sourcecode.swift; path = CryptoCurrency.swift; sourceTree = "<group>"; };
		52246BDA2A2D1E1500378FA9 /* Webservice.swift */ = {isa = PBXFileReference; lastKnownFileType = sourcecode.swift; path = Webservice.swift; sourceTree = "<group>"; };
		52246BDC2A2D21AD00378FA9 /* CryptoViewModel.swift */ = {isa = PBXFileReference; lastKnownFileType = sourcecode.swift; path = CryptoViewModel.swift; sourceTree = "<group>"; };
/* End PBXFileReference section */

/* Begin PBXFrameworksBuildPhase section */
		52246BB82A2CBF5300378FA9 /* Frameworks */ = {
			isa = PBXFrameworksBuildPhase;
			buildActionMask = 2147483647;
			files = (
			);
			runOnlyForDeploymentPostprocessing = 0;
		};
/* End PBXFrameworksBuildPhase section */

/* Begin PBXGroup section */
		52246BB22A2CBF5300378FA9 = {
			isa = PBXGroup;
			children = (
				52246BBD2A2CBF5300378FA9 /* CryptoList */,
				52246BBC2A2CBF5300378FA9 /* Products */,
			);
			sourceTree = "<group>";
		};
		52246BBC2A2CBF5300378FA9 /* Products */ = {
			isa = PBXGroup;
			children = (
				52246BBB2A2CBF5300378FA9 /* CryptoList.app */,
			);
			name = Products;
			sourceTree = "<group>";
		};
		52246BBD2A2CBF5300378FA9 /* CryptoList */ = {
			isa = PBXGroup;
			children = (
				52246BBE2A2CBF5300378FA9 /* AppDelegate.swift */,
				52246BC02A2CBF5300378FA9 /* SceneDelegate.swift */,
				52246BD72A2CC1AC00378FA9 /* Service */,
				52246BD52A2CC19700378FA9 /* Model */,
				52246BD42A2CC19000378FA9 /* View */,
				52246BD62A2CC1A000378FA9 /* ViewModel */,
				52246BC42A2CBF5300378FA9 /* Main.storyboard */,
				52246BC72A2CBF5400378FA9 /* Assets.xcassets */,
				52246BC92A2CBF5500378FA9 /* LaunchScreen.storyboard */,
				52246BCC2A2CBF5500378FA9 /* Info.plist */,
			);
			path = CryptoList;
			sourceTree = "<group>";
		};
		52246BD42A2CC19000378FA9 /* View */ = {
			isa = PBXGroup;
			children = (
				52246BC22A2CBF5300378FA9 /* ViewController.swift */,
				52246BD22A2CC08900378FA9 /* CryptoTableViewCell.swift */,
			);
			path = View;
			sourceTree = "<group>";
		};
		52246BD52A2CC19700378FA9 /* Model */ = {
			isa = PBXGroup;
			children = (
				52246BD82A2CC1F100378FA9 /* CryptoCurrency.swift */,
			);
			path = Model;
			sourceTree = "<group>";
		};
		52246BD62A2CC1A000378FA9 /* ViewModel */ = {
			isa = PBXGroup;
			children = (
				52246BDC2A2D21AD00378FA9 /* CryptoViewModel.swift */,
			);
			path = ViewModel;
			sourceTree = "<group>";
		};
		52246BD72A2CC1AC00378FA9 /* Service */ = {
			isa = PBXGroup;
			children = (
				52246BDA2A2D1E1500378FA9 /* Webservice.swift */,
			);
			path = Service;
			sourceTree = "<group>";
		};
/* End PBXGroup section */

/* Begin PBXNativeTarget section */
		52246BBA2A2CBF5300378FA9 /* CryptoList */ = {
			isa = PBXNativeTarget;
			buildConfigurationList = 52246BCF2A2CBF5500378FA9 /* Build configuration list for PBXNativeTarget "CryptoList" */;
			buildPhases = (
				52246BB72A2CBF5300378FA9 /* Sources */,
				52246BB82A2CBF5300378FA9 /* Frameworks */,
				52246BB92A2CBF5300378FA9 /* Resources */,
			);
			buildRules = (
			);
			dependencies = (
			);
			name = CryptoList;
			productName = CryptoList;
			productReference = 52246BBB2A2CBF5300378FA9 /* CryptoList.app */;
			productType = "com.apple.product-type.application";
		};
/* End PBXNativeTarget section */

/* Begin PBXProject section */
		52246BB32A2CBF5300378FA9 /* Project object */ = {
			isa = PBXProject;
			attributes = {
				BuildIndependentTargetsInParallel = 1;
				LastSwiftUpdateCheck = 1430;
				LastUpgradeCheck = 1430;
				TargetAttributes = {
					52246BBA2A2CBF5300378FA9 = {
						CreatedOnToolsVersion = 14.3.1;
					};
				};
			};
			buildConfigurationList = 52246BB62A2CBF5300378FA9 /* Build configuration list for PBXProject "CryptoList" */;
			compatibilityVersion = "Xcode 14.0";
			developmentRegion = en;
			hasScannedForEncodings = 0;
			knownRegions = (
				en,
				Base,
			);
			mainGroup = 52246BB22A2CBF5300378FA9;
			productRefGroup = 52246BBC2A2CBF5300378FA9 /* Products */;
			projectDirPath = "";
			projectRoot = "";
			targets = (
				52246BBA2A2CBF5300378FA9 /* CryptoList */,
			);
		};
/* End PBXProject section */

/* Begin PBXResourcesBuildPhase section */
		52246BB92A2CBF5300378FA9 /* Resources */ = {
			isa = PBXResourcesBuildPhase;
			buildActionMask = 2147483647;
			files = (
				52246BCB2A2CBF5500378FA9 /* LaunchScreen.storyboard in Resources */,
				52246BC82A2CBF5400378FA9 /* Assets.xcassets in Resources */,
				52246BC62A2CBF5300378FA9 /* Main.storyboard in Resources */,
			);
			runOnlyForDeploymentPostprocessing = 0;
		};
/* End PBXResourcesBuildPhase section */

/* Begin PBXSourcesBuildPhase section */
		52246BB72A2CBF5300378FA9 /* Sources */ = {
			isa = PBXSourcesBuildPhase;
			buildActionMask = 2147483647;
			files = (
				52246BD32A2CC08900378FA9 /* CryptoTableViewCell.swift in Sources */,
				52246BC32A2CBF5300378FA9 /* ViewController.swift in Sources */,
				52246BDB2A2D1E1500378FA9 /* Webservice.swift in Sources */,
				52246BDD2A2D21AD00378FA9 /* CryptoViewModel.swift in Sources */,
				52246BBF2A2CBF5300378FA9 /* AppDelegate.swift in Sources */,
				52246BD92A2CC1F100378FA9 /* CryptoCurrency.swift in Sources */,
				52246BC12A2CBF5300378FA9 /* SceneDelegate.swift in Sources */,
			);
			runOnlyForDeploymentPostprocessing = 0;
		};
/* End PBXSourcesBuildPhase section */

/* Begin PBXVariantGroup section */
		52246BC42A2CBF5300378FA9 /* Main.storyboard */ = {
			isa = PBXVariantGroup;
			children = (
				52246BC52A2CBF5300378FA9 /* Base */,
			);
			name = Main.storyboard;
			sourceTree = "<group>";
		};
		52246BC92A2CBF5500378FA9 /* LaunchScreen.storyboard */ = {
			isa = PBXVariantGroup;
			children = (
				52246BCA2A2CBF5500378FA9 /* Base */,
			);
			name = LaunchScreen.storyboard;
			sourceTree = "<group>";
		};
/* End PBXVariantGroup section */

/* Begin XCBuildConfiguration section */
		52246BCD2A2CBF5500378FA9 /* Debug */ = {
			isa = XCBuildConfiguration;
			buildSettings = {
				ALWAYS_SEARCH_USER_PATHS = NO;
				CLANG_ANALYZER_NONNULL = YES;
				CLANG_ANALYZER_NUMBER_OBJECT_CONVERSION = YES_AGGRESSIVE;
				CLANG_CXX_LANGUAGE_STANDARD = "gnu++20";
				CLANG_ENABLE_MODULES = YES;
				CLANG_ENABLE_OBJC_ARC = YES;
				CLANG_ENABLE_OBJC_WEAK = YES;
				CLANG_WARN_BLOCK_CAPTURE_AUTORELEASING = YES;
				CLANG_WARN_BOOL_CONVERSION = YES;
				CLANG_WARN_COMMA = YES;
				CLANG_WARN_CONSTANT_CONVERSION = YES;
				CLANG_WARN_DEPRECATED_OBJC_IMPLEMENTATIONS = YES;
				CLANG_WARN_DIRECT_OBJC_ISA_USAGE = YES_ERROR;
				CLANG_WARN_DOCUMENTATION_COMMENTS = YES;
				CLANG_WARN_EMPTY_BODY = YES;
				CLANG_WARN_ENUM_CONVERSION = YES;
				CLANG_WARN_INFINITE_RECURSION = YES;
				CLANG_WARN_INT_CONVERSION = YES;
				CLANG_WARN_NON_LITERAL_NULL_CONVERSION = YES;
				CLANG_WARN_OBJC_IMPLICIT_RETAIN_SELF = YES;
				CLANG_WARN_OBJC_LITERAL_CONVERSION = YES;
				CLANG_WARN_OBJC_ROOT_CLASS = YES_ERROR;
				CLANG_WARN_QUOTED_INCLUDE_IN_FRAMEWORK_HEADER = YES;
				CLANG_WARN_RANGE_LOOP_ANALYSIS = YES;
				CLANG_WARN_STRICT_PROTOTYPES = YES;
				CLANG_WARN_SUSPICIOUS_MOVE = YES;
				CLANG_WARN_UNGUARDED_AVAILABILITY = YES_AGGRESSIVE;
				CLANG_WARN_UNREACHABLE_CODE = YES;
				CLANG_WARN__DUPLICATE_METHOD_MATCH = YES;
				COPY_PHASE_STRIP = NO;
				DEBUG_INFORMATION_FORMAT = dwarf;
				ENABLE_STRICT_OBJC_MSGSEND = YES;
				ENABLE_TESTABILITY = YES;
				GCC_C_LANGUAGE_STANDARD = gnu11;
				GCC_DYNAMIC_NO_PIC = NO;
				GCC_NO_COMMON_BLOCKS = YES;
				GCC_OPTIMIZATION_LEVEL = 0;
				GCC_PREPROCESSOR_DEFINITIONS = (
					"DEBUG=1",
					"$(inherited)",
				);
				GCC_WARN_64_TO_32_BIT_CONVERSION = YES;
				GCC_WARN_ABOUT_RETURN_TYPE = YES_ERROR;
				GCC_WARN_UNDECLARED_SELECTOR = YES;
				GCC_WARN_UNINITIALIZED_AUTOS = YES_AGGRESSIVE;
				GCC_WARN_UNUSED_FUNCTION = YES;
				GCC_WARN_UNUSED_VARIABLE = YES;
				IPHONEOS_DEPLOYMENT_TARGET = 16.4;
				MTL_ENABLE_DEBUG_INFO = INCLUDE_SOURCE;
				MTL_FAST_MATH = YES;
				ONLY_ACTIVE_ARCH = YES;
				SDKROOT = iphoneos;
				SWIFT_ACTIVE_COMPILATION_CONDITIONS = DEBUG;
				SWIFT_OPTIMIZATION_LEVEL = "-Onone";
			};
			name = Debug;
		};
		52246BCE2A2CBF5500378FA9 /* Release */ = {
			isa = XCBuildConfiguration;
			buildSettings = {
				ALWAYS_SEARCH_USER_PATHS = NO;
				CLANG_ANALYZER_NONNULL = YES;
				CLANG_ANALYZER_NUMBER_OBJECT_CONVERSION = YES_AGGRESSIVE;
				CLANG_CXX_LANGUAGE_STANDARD = "gnu++20";
				CLANG_ENABLE_MODULES = YES;
				CLANG_ENABLE_OBJC_ARC = YES;
				CLANG_ENABLE_OBJC_WEAK = YES;
				CLANG_WARN_BLOCK_CAPTURE_AUTORELEASING = YES;
				CLANG_WARN_BOOL_CONVERSION = YES;
				CLANG_WARN_COMMA = YES;
				CLANG_WARN_CONSTANT_CONVERSION = YES;
				CLANG_WARN_DEPRECATED_OBJC_IMPLEMENTATIONS = YES;
				CLANG_WARN_DIRECT_OBJC_ISA_USAGE = YES_ERROR;
				CLANG_WARN_DOCUMENTATION_COMMENTS = YES;
				CLANG_WARN_EMPTY_BODY = YES;
				CLANG_WARN_ENUM_CONVERSION = YES;
				CLANG_WARN_INFINITE_RECURSION = YES;
				CLANG_WARN_INT_CONVERSION = YES;
				CLANG_WARN_NON_LITERAL_NULL_CONVERSION = YES;
				CLANG_WARN_OBJC_IMPLICIT_RETAIN_SELF = YES;
				CLANG_WARN_OBJC_LITERAL_CONVERSION = YES;
				CLANG_WARN_OBJC_ROOT_CLASS = YES_ERROR;
				CLANG_WARN_QUOTED_INCLUDE_IN_FRAMEWORK_HEADER = YES;
				CLANG_WARN_RANGE_LOOP_ANALYSIS = YES;
				CLANG_WARN_STRICT_PROTOTYPES = YES;
				CLANG_WARN_SUSPICIOUS_MOVE = YES;
				CLANG_WARN_UNGUARDED_AVAILABILITY = YES_AGGRESSIVE;
				CLANG_WARN_UNREACHABLE_CODE = YES;
				CLANG_WARN__DUPLICATE_METHOD_MATCH = YES;
				COPY_PHASE_STRIP = NO;
				DEBUG_INFORMATION_FORMAT = "dwarf-with-dsym";
				ENABLE_NS_ASSERTIONS = NO;
				ENABLE_STRICT_OBJC_MSGSEND = YES;
				GCC_C_LANGUAGE_STANDARD = gnu11;
				GCC_NO_COMMON_BLOCKS = YES;
				GCC_WARN_64_TO_32_BIT_CONVERSION = YES;
				GCC_WARN_ABOUT_RETURN_TYPE = YES_ERROR;
				GCC_WARN_UNDECLARED_SELECTOR = YES;
				GCC_WARN_UNINITIALIZED_AUTOS = YES_AGGRESSIVE;
				GCC_WARN_UNUSED_FUNCTION = YES;
				GCC_WARN_UNUSED_VARIABLE = YES;
				IPHONEOS_DEPLOYMENT_TARGET = 16.4;
				MTL_ENABLE_DEBUG_INFO = NO;
				MTL_FAST_MATH = YES;
				SDKROOT = iphoneos;
				SWIFT_COMPILATION_MODE = wholemodule;
				SWIFT_OPTIMIZATION_LEVEL = "-O";
				VALIDATE_PRODUCT = YES;
			};
			name = Release;
		};
		52246BD02A2CBF5500378FA9 /* Debug */ = {
			isa = XCBuildConfiguration;
			buildSettings = {
				ASSETCATALOG_COMPILER_APPICON_NAME = AppIcon;
				ASSETCATALOG_COMPILER_GLOBAL_ACCENT_COLOR_NAME = AccentColor;
				CODE_SIGN_STYLE = Automatic;
				CURRENT_PROJECT_VERSION = 1;
				DEVELOPMENT_TEAM = MSQCXVM7HL;
				GENERATE_INFOPLIST_FILE = YES;
				INFOPLIST_FILE = CryptoList/Info.plist;
				INFOPLIST_KEY_UIApplicationSupportsIndirectInputEvents = YES;
				INFOPLIST_KEY_UILaunchStoryboardName = LaunchScreen;
				INFOPLIST_KEY_UIMainStoryboardFile = Main;
				INFOPLIST_KEY_UISupportedInterfaceOrientations_iPad = "UIInterfaceOrientationPortrait UIInterfaceOrientationPortraitUpsideDown UIInterfaceOrientationLandscapeLeft UIInterfaceOrientationLandscapeRight";
				INFOPLIST_KEY_UISupportedInterfaceOrientations_iPhone = "UIInterfaceOrientationPortrait UIInterfaceOrientationLandscapeLeft UIInterfaceOrientationLandscapeRight";
				LD_RUNPATH_SEARCH_PATHS = (
					"$(inherited)",
					"@executable_path/Frameworks",
				);
				MARKETING_VERSION = 1.0;
				PRODUCT_BUNDLE_IDENTIFIER = com.ilkertacyildiz.CryptoList;
				PRODUCT_NAME = "$(TARGET_NAME)";
				SWIFT_EMIT_LOC_STRINGS = YES;
				SWIFT_VERSION = 5.0;
				TARGETED_DEVICE_FAMILY = "1,2";
			};
			name = Debug;
		};
		52246BD12A2CBF5500378FA9 /* Release */ = {
			isa = XCBuildConfiguration;
			buildSettings = {
				ASSETCATALOG_COMPILER_APPICON_NAME = AppIcon;
				ASSETCATALOG_COMPILER_GLOBAL_ACCENT_COLOR_NAME = AccentColor;
				CODE_SIGN_STYLE = Automatic;
				CURRENT_PROJECT_VERSION = 1;
				DEVELOPMENT_TEAM = MSQCXVM7HL;
				GENERATE_INFOPLIST_FILE = YES;
				INFOPLIST_FILE = CryptoList/Info.plist;
				INFOPLIST_KEY_UIApplicationSupportsIndirectInputEvents = YES;
				INFOPLIST_KEY_UILaunchStoryboardName = LaunchScreen;
				INFOPLIST_KEY_UIMainStoryboardFile = Main;
				INFOPLIST_KEY_UISupportedInterfaceOrientations_iPad = "UIInterfaceOrientationPortrait UIInterfaceOrientationPortraitUpsideDown UIInterfaceOrientationLandscapeLeft UIInterfaceOrientationLandscapeRight";
				INFOPLIST_KEY_UISupportedInterfaceOrientations_iPhone = "UIInterfaceOrientationPortrait UIInterfaceOrientationLandscapeLeft UIInterfaceOrientationLandscapeRight";
				LD_RUNPATH_SEARCH_PATHS = (
					"$(inherited)",
					"@executable_path/Frameworks",
				);
				MARKETING_VERSION = 1.0;
				PRODUCT_BUNDLE_IDENTIFIER = com.ilkertacyildiz.CryptoList;
				PRODUCT_NAME = "$(TARGET_NAME)";
				SWIFT_EMIT_LOC_STRINGS = YES;
				SWIFT_VERSION = 5.0;
				TARGETED_DEVICE_FAMILY = "1,2";
			};
			name = Release;
		};
/* End XCBuildConfiguration section */

/* Begin XCConfigurationList section */
		52246BB62A2CBF5300378FA9 /* Build configuration list for PBXProject "CryptoList" */ = {
			isa = XCConfigurationList;
			buildConfigurations = (
				52246BCD2A2CBF5500378FA9 /* Debug */,
				52246BCE2A2CBF5500378FA9 /* Release */,
			);
			defaultConfigurationIsVisible = 0;
			defaultConfigurationName = Release;
		};
		52246BCF2A2CBF5500378FA9 /* Build configuration list for PBXNativeTarget "CryptoList" */ = {
			isa = XCConfigurationList;
			buildConfigurations = (
				52246BD02A2CBF5500378FA9 /* Debug */,
				52246BD12A2CBF5500378FA9 /* Release */,
			);
			defaultConfigurationIsVisible = 0;
			defaultConfigurationName = Release;
		};
/* End XCConfigurationList section */
	};
	rootObject = 52246BB32A2CBF5300378FA9 /* Project object */;
}
