// !$*UTF8*$!
{
	archiveVersion = 1;
	classes = {
	};
	objectVersion = 56;
	objects = {

/* Begin PBXBuildFile section */
		52ACD1ED2A3C7EE900CC9EEA /* AppDelegate.swift in Sources */ = {isa = PBXBuildFile; fileRef = 52ACD1EC2A3C7EE900CC9EEA /* AppDelegate.swift */; };
		52ACD1EF2A3C7EE900CC9EEA /* SceneDelegate.swift in Sources */ = {isa = PBXBuildFile; fileRef = 52ACD1EE2A3C7EE900CC9EEA /* SceneDelegate.swift */; };
		52ACD1F12A3C7EE900CC9EEA /* ViewController.swift in Sources */ = {isa = PBXBuildFile; fileRef = 52ACD1F02A3C7EE900CC9EEA /* ViewController.swift */; };
		52ACD1F42A3C7EE900CC9EEA /* Main.storyboard in Resources */ = {isa = PBXBuildFile; fileRef = 52ACD1F22A3C7EE900CC9EEA /* Main.storyboard */; };
		52ACD1F62A3C7EEA00CC9EEA /* Assets.xcassets in Resources */ = {isa = PBXBuildFile; fileRef = 52ACD1F52A3C7EEA00CC9EEA /* Assets.xcassets */; };
		52ACD1F92A3C7EEA00CC9EEA /* LaunchScreen.storyboard in Resources */ = {isa = PBXBuildFile; fileRef = 52ACD1F72A3C7EEA00CC9EEA /* LaunchScreen.storyboard */; };
/* End PBXBuildFile section */

/* Begin PBXFileReference section */
		52ACD1E92A3C7EE900CC9EEA /* UniversityInformation.app */ = {isa = PBXFileReference; explicitFileType = wrapper.application; includeInIndex = 0; path = UniversityInformation.app; sourceTree = BUILT_PRODUCTS_DIR; };
		52ACD1EC2A3C7EE900CC9EEA /* AppDelegate.swift */ = {isa = PBXFileReference; lastKnownFileType = sourcecode.swift; path = AppDelegate.swift; sourceTree = "<group>"; };
		52ACD1EE2A3C7EE900CC9EEA /* SceneDelegate.swift */ = {isa = PBXFileReference; lastKnownFileType = sourcecode.swift; path = SceneDelegate.swift; sourceTree = "<group>"; };
		52ACD1F02A3C7EE900CC9EEA /* ViewController.swift */ = {isa = PBXFileReference; lastKnownFileType = sourcecode.swift; path = ViewController.swift; sourceTree = "<group>"; };
		52ACD1F32A3C7EE900CC9EEA /* Base */ = {isa = PBXFileReference; lastKnownFileType = file.storyboard; name = Base; path = Base.lproj/Main.storyboard; sourceTree = "<group>"; };
		52ACD1F52A3C7EEA00CC9EEA /* Assets.xcassets */ = {isa = PBXFileReference; lastKnownFileType = folder.assetcatalog; path = Assets.xcassets; sourceTree = "<group>"; };
		52ACD1F82A3C7EEA00CC9EEA /* Base */ = {isa = PBXFileReference; lastKnownFileType = file.storyboard; name = Base; path = Base.lproj/LaunchScreen.storyboard; sourceTree = "<group>"; };
		52ACD1FA2A3C7EEA00CC9EEA /* Info.plist */ = {isa = PBXFileReference; lastKnownFileType = text.plist.xml; path = Info.plist; sourceTree = "<group>"; };
/* End PBXFileReference section */

/* Begin PBXFrameworksBuildPhase section */
		52ACD1E62A3C7EE900CC9EEA /* Frameworks */ = {
			isa = PBXFrameworksBuildPhase;
			buildActionMask = 2147483647;
			files = (
			);
			runOnlyForDeploymentPostprocessing = 0;
		};
/* End PBXFrameworksBuildPhase section */

/* Begin PBXGroup section */
		52ACD1E02A3C7EE900CC9EEA = {
			isa = PBXGroup;
			children = (
				52ACD1EB2A3C7EE900CC9EEA /* UniversityInformation */,
				52ACD1EA2A3C7EE900CC9EEA /* Products */,
			);
			sourceTree = "<group>";
		};
		52ACD1EA2A3C7EE900CC9EEA /* Products */ = {
			isa = PBXGroup;
			children = (
				52ACD1E92A3C7EE900CC9EEA /* UniversityInformation.app */,
			);
			name = Products;
			sourceTree = "<group>";
		};
		52ACD1EB2A3C7EE900CC9EEA /* UniversityInformation */ = {
			isa = PBXGroup;
			children = (
				52ACD1EC2A3C7EE900CC9EEA /* AppDelegate.swift */,
				52ACD1EE2A3C7EE900CC9EEA /* SceneDelegate.swift */,
				52ACD1F02A3C7EE900CC9EEA /* ViewController.swift */,
				52ACD1F22A3C7EE900CC9EEA /* Main.storyboard */,
				52ACD1F52A3C7EEA00CC9EEA /* Assets.xcassets */,
				52ACD1F72A3C7EEA00CC9EEA /* LaunchScreen.storyboard */,
				52ACD1FA2A3C7EEA00CC9EEA /* Info.plist */,
			);
			path = UniversityInformation;
			sourceTree = "<group>";
		};
/* End PBXGroup section */

/* Begin PBXNativeTarget section */
		52ACD1E82A3C7EE900CC9EEA /* UniversityInformation */ = {
			isa = PBXNativeTarget;
			buildConfigurationList = 52ACD1FD2A3C7EEA00CC9EEA /* Build configuration list for PBXNativeTarget "UniversityInformation" */;
			buildPhases = (
				52ACD1E52A3C7EE900CC9EEA /* Sources */,
				52ACD1E62A3C7EE900CC9EEA /* Frameworks */,
				52ACD1E72A3C7EE900CC9EEA /* Resources */,
			);
			buildRules = (
			);
			dependencies = (
			);
			name = UniversityInformation;
			productName = UniversityInformation;
			productReference = 52ACD1E92A3C7EE900CC9EEA /* UniversityInformation.app */;
			productType = "com.apple.product-type.application";
		};
/* End PBXNativeTarget section */

/* Begin PBXProject section */
		52ACD1E12A3C7EE900CC9EEA /* Project object */ = {
			isa = PBXProject;
			attributes = {
				BuildIndependentTargetsInParallel = 1;
				LastSwiftUpdateCheck = 1430;
				LastUpgradeCheck = 1430;
				TargetAttributes = {
					52ACD1E82A3C7EE900CC9EEA = {
						CreatedOnToolsVersion = 14.3.1;
					};
				};
			};
			buildConfigurationList = 52ACD1E42A3C7EE900CC9EEA /* Build configuration list for PBXProject "UniversityInformation" */;
			compatibilityVersion = "Xcode 14.0";
			developmentRegion = en;
			hasScannedForEncodings = 0;
			knownRegions = (
				en,
				Base,
			);
			mainGroup = 52ACD1E02A3C7EE900CC9EEA;
			productRefGroup = 52ACD1EA2A3C7EE900CC9EEA /* Products */;
			projectDirPath = "";
			projectRoot = "";
			targets = (
				52ACD1E82A3C7EE900CC9EEA /* UniversityInformation */,
			);
		};
/* End PBXProject section */

/* Begin PBXResourcesBuildPhase section */
		52ACD1E72A3C7EE900CC9EEA /* Resources */ = {
			isa = PBXResourcesBuildPhase;
			buildActionMask = 2147483647;
			files = (
				52ACD1F92A3C7EEA00CC9EEA /* LaunchScreen.storyboard in Resources */,
				52ACD1F62A3C7EEA00CC9EEA /* Assets.xcassets in Resources */,
				52ACD1F42A3C7EE900CC9EEA /* Main.storyboard in Resources */,
			);
			runOnlyForDeploymentPostprocessing = 0;
		};
/* End PBXResourcesBuildPhase section */

/* Begin PBXSourcesBuildPhase section */
		52ACD1E52A3C7EE900CC9EEA /* Sources */ = {
			isa = PBXSourcesBuildPhase;
			buildActionMask = 2147483647;
			files = (
				52ACD1F12A3C7EE900CC9EEA /* ViewController.swift in Sources */,
				52ACD1ED2A3C7EE900CC9EEA /* AppDelegate.swift in Sources */,
				52ACD1EF2A3C7EE900CC9EEA /* SceneDelegate.swift in Sources */,
			);
			runOnlyForDeploymentPostprocessing = 0;
		};
/* End PBXSourcesBuildPhase section */

/* Begin PBXVariantGroup section */
		52ACD1F22A3C7EE900CC9EEA /* Main.storyboard */ = {
			isa = PBXVariantGroup;
			children = (
				52ACD1F32A3C7EE900CC9EEA /* Base */,
			);
			name = Main.storyboard;
			sourceTree = "<group>";
		};
		52ACD1F72A3C7EEA00CC9EEA /* LaunchScreen.storyboard */ = {
			isa = PBXVariantGroup;
			children = (
				52ACD1F82A3C7EEA00CC9EEA /* Base */,
			);
			name = LaunchScreen.storyboard;
			sourceTree = "<group>";
		};
/* End PBXVariantGroup section */

/* Begin XCBuildConfiguration section */
		52ACD1FB2A3C7EEA00CC9EEA /* Debug */ = {
			isa = XCBuildConfiguration;
			buildSettings = {
				ALWAYS_SEARCH_USER_PATHS = NO;
				CLANG_ANALYZER_NONNULL = YES;
				CLANG_ANALYZER_NUMBER_OBJECT_CONVERSION = YES_AGGRESSIVE;
				CLANG_CXX_LANGUAGE_STANDARD = "gnu++20";
				CLANG_ENABLE_MODULES = YES;
				CLANG_ENABLE_OBJC_ARC = YES;
				CLANG_ENABLE_OBJC_WEAK = YES;
				CLANG_WARN_BLOCK_CAPTURE_AUTORELEASING = YES;
				CLANG_WARN_BOOL_CONVERSION = YES;
				CLANG_WARN_COMMA = YES;
				CLANG_WARN_CONSTANT_CONVERSION = YES;
				CLANG_WARN_DEPRECATED_OBJC_IMPLEMENTATIONS = YES;
				CLANG_WARN_DIRECT_OBJC_ISA_USAGE = YES_ERROR;
				CLANG_WARN_DOCUMENTATION_COMMENTS = YES;
				CLANG_WARN_EMPTY_BODY = YES;
				CLANG_WARN_ENUM_CONVERSION = YES;
				CLANG_WARN_INFINITE_RECURSION = YES;
				CLANG_WARN_INT_CONVERSION = YES;
				CLANG_WARN_NON_LITERAL_NULL_CONVERSION = YES;
				CLANG_WARN_OBJC_IMPLICIT_RETAIN_SELF = YES;
				CLANG_WARN_OBJC_LITERAL_CONVERSION = YES;
				CLANG_WARN_OBJC_ROOT_CLASS = YES_ERROR;
				CLANG_WARN_QUOTED_INCLUDE_IN_FRAMEWORK_HEADER = YES;
				CLANG_WARN_RANGE_LOOP_ANALYSIS = YES;
				CLANG_WARN_STRICT_PROTOTYPES = YES;
				CLANG_WARN_SUSPICIOUS_MOVE = YES;
				CLANG_WARN_UNGUARDED_AVAILABILITY = YES_AGGRESSIVE;
				CLANG_WARN_UNREACHABLE_CODE = YES;
				CLANG_WARN__DUPLICATE_METHOD_MATCH = YES;
				COPY_PHASE_STRIP = NO;
				DEBUG_INFORMATION_FORMAT = dwarf;
				ENABLE_STRICT_OBJC_MSGSEND = YES;
				ENABLE_TESTABILITY = YES;
				GCC_C_LANGUAGE_STANDARD = gnu11;
				GCC_DYNAMIC_NO_PIC = NO;
				GCC_NO_COMMON_BLOCKS = YES;
				GCC_OPTIMIZATION_LEVEL = 0;
				GCC_PREPROCESSOR_DEFINITIONS = (
					"DEBUG=1",
					"$(inherited)",
				);
				GCC_WARN_64_TO_32_BIT_CONVERSION = YES;
				GCC_WARN_ABOUT_RETURN_TYPE = YES_ERROR;
				GCC_WARN_UNDECLARED_SELECTOR = YES;
				GCC_WARN_UNINITIALIZED_AUTOS = YES_AGGRESSIVE;
				GCC_WARN_UNUSED_FUNCTION = YES;
				GCC_WARN_UNUSED_VARIABLE = YES;
				IPHONEOS_DEPLOYMENT_TARGET = 16.4;
				MTL_ENABLE_DEBUG_INFO = INCLUDE_SOURCE;
				MTL_FAST_MATH = YES;
				ONLY_ACTIVE_ARCH = YES;
				SDKROOT = iphoneos;
				SWIFT_ACTIVE_COMPILATION_CONDITIONS = DEBUG;
				SWIFT_OPTIMIZATION_LEVEL = "-Onone";
			};
			name = Debug;
		};
		52ACD1FC2A3C7EEA00CC9EEA /* Release */ = {
			isa = XCBuildConfiguration;
			buildSettings = {
				ALWAYS_SEARCH_USER_PATHS = NO;
				CLANG_ANALYZER_NONNULL = YES;
				CLANG_ANALYZER_NUMBER_OBJECT_CONVERSION = YES_AGGRESSIVE;
				CLANG_CXX_LANGUAGE_STANDARD = "gnu++20";
				CLANG_ENABLE_MODULES = YES;
				CLANG_ENABLE_OBJC_ARC = YES;
				CLANG_ENABLE_OBJC_WEAK = YES;
				CLANG_WARN_BLOCK_CAPTURE_AUTORELEASING = YES;
				CLANG_WARN_BOOL_CONVERSION = YES;
				CLANG_WARN_COMMA = YES;
				CLANG_WARN_CONSTANT_CONVERSION = YES;
				CLANG_WARN_DEPRECATED_OBJC_IMPLEMENTATIONS = YES;
				CLANG_WARN_DIRECT_OBJC_ISA_USAGE = YES_ERROR;
				CLANG_WARN_DOCUMENTATION_COMMENTS = YES;
				CLANG_WARN_EMPTY_BODY = YES;
				CLANG_WARN_ENUM_CONVERSION = YES;
				CLANG_WARN_INFINITE_RECURSION = YES;
				CLANG_WARN_INT_CONVERSION = YES;
				CLANG_WARN_NON_LITERAL_NULL_CONVERSION = YES;
				CLANG_WARN_OBJC_IMPLICIT_RETAIN_SELF = YES;
				CLANG_WARN_OBJC_LITERAL_CONVERSION = YES;
				CLANG_WARN_OBJC_ROOT_CLASS = YES_ERROR;
				CLANG_WARN_QUOTED_INCLUDE_IN_FRAMEWORK_HEADER = YES;
				CLANG_WARN_RANGE_LOOP_ANALYSIS = YES;
				CLANG_WARN_STRICT_PROTOTYPES = YES;
				CLANG_WARN_SUSPICIOUS_MOVE = YES;
				CLANG_WARN_UNGUARDED_AVAILABILITY = YES_AGGRESSIVE;
				CLANG_WARN_UNREACHABLE_CODE = YES;
				CLANG_WARN__DUPLICATE_METHOD_MATCH = YES;
				COPY_PHASE_STRIP = NO;
				DEBUG_INFORMATION_FORMAT = "dwarf-with-dsym";
				ENABLE_NS_ASSERTIONS = NO;
				ENABLE_STRICT_OBJC_MSGSEND = YES;
				GCC_C_LANGUAGE_STANDARD = gnu11;
				GCC_NO_COMMON_BLOCKS = YES;
				GCC_WARN_64_TO_32_BIT_CONVERSION = YES;
				GCC_WARN_ABOUT_RETURN_TYPE = YES_ERROR;
				GCC_WARN_UNDECLARED_SELECTOR = YES;
				GCC_WARN_UNINITIALIZED_AUTOS = YES_AGGRESSIVE;
				GCC_WARN_UNUSED_FUNCTION = YES;
				GCC_WARN_UNUSED_VARIABLE = YES;
				IPHONEOS_DEPLOYMENT_TARGET = 16.4;
				MTL_ENABLE_DEBUG_INFO = NO;
				MTL_FAST_MATH = YES;
				SDKROOT = iphoneos;
				SWIFT_COMPILATION_MODE = wholemodule;
				SWIFT_OPTIMIZATION_LEVEL = "-O";
				VALIDATE_PRODUCT = YES;
			};
			name = Release;
		};
		52ACD1FE2A3C7EEA00CC9EEA /* Debug */ = {
			isa = XCBuildConfiguration;
			buildSettings = {
				ASSETCATALOG_COMPILER_APPICON_NAME = AppIcon;
				ASSETCATALOG_COMPILER_GLOBAL_ACCENT_COLOR_NAME = AccentColor;
				CODE_SIGN_STYLE = Automatic;
				CURRENT_PROJECT_VERSION = 1;
				DEVELOPMENT_TEAM = MSQCXVM7HL;
				GENERATE_INFOPLIST_FILE = YES;
				INFOPLIST_FILE = UniversityInformation/Info.plist;
				INFOPLIST_KEY_UIApplicationSupportsIndirectInputEvents = YES;
				INFOPLIST_KEY_UILaunchStoryboardName = LaunchScreen;
				INFOPLIST_KEY_UIMainStoryboardFile = Main;
				INFOPLIST_KEY_UISupportedInterfaceOrientations_iPad = "UIInterfaceOrientationPortrait UIInterfaceOrientationPortraitUpsideDown UIInterfaceOrientationLandscapeLeft UIInterfaceOrientationLandscapeRight";
				INFOPLIST_KEY_UISupportedInterfaceOrientations_iPhone = "UIInterfaceOrientationPortrait UIInterfaceOrientationLandscapeLeft UIInterfaceOrientationLandscapeRight";
				LD_RUNPATH_SEARCH_PATHS = (
					"$(inherited)",
					"@executable_path/Frameworks",
				);
				MARKETING_VERSION = 1.0;
				PRODUCT_BUNDLE_IDENTIFIER = com.ilkertacyildiz.UniversityInformation;
				PRODUCT_NAME = "$(TARGET_NAME)";
				SWIFT_EMIT_LOC_STRINGS = YES;
				SWIFT_VERSION = 5.0;
				TARGETED_DEVICE_FAMILY = "1,2";
			};
			name = Debug;
		};
		52ACD1FF2A3C7EEA00CC9EEA /* Release */ = {
			isa = XCBuildConfiguration;
			buildSettings = {
				ASSETCATALOG_COMPILER_APPICON_NAME = AppIcon;
				ASSETCATALOG_COMPILER_GLOBAL_ACCENT_COLOR_NAME = AccentColor;
				CODE_SIGN_STYLE = Automatic;
				CURRENT_PROJECT_VERSION = 1;
				DEVELOPMENT_TEAM = MSQCXVM7HL;
				GENERATE_INFOPLIST_FILE = YES;
				INFOPLIST_FILE = UniversityInformation/Info.plist;
				INFOPLIST_KEY_UIApplicationSupportsIndirectInputEvents = YES;
				INFOPLIST_KEY_UILaunchStoryboardName = LaunchScreen;
				INFOPLIST_KEY_UIMainStoryboardFile = Main;
				INFOPLIST_KEY_UISupportedInterfaceOrientations_iPad = "UIInterfaceOrientationPortrait UIInterfaceOrientationPortraitUpsideDown UIInterfaceOrientationLandscapeLeft UIInterfaceOrientationLandscapeRight";
				INFOPLIST_KEY_UISupportedInterfaceOrientations_iPhone = "UIInterfaceOrientationPortrait UIInterfaceOrientationLandscapeLeft UIInterfaceOrientationLandscapeRight";
				LD_RUNPATH_SEARCH_PATHS = (
					"$(inherited)",
					"@executable_path/Frameworks",
				);
				MARKETING_VERSION = 1.0;
				PRODUCT_BUNDLE_IDENTIFIER = com.ilkertacyildiz.UniversityInformation;
				PRODUCT_NAME = "$(TARGET_NAME)";
				SWIFT_EMIT_LOC_STRINGS = YES;
				SWIFT_VERSION = 5.0;
				TARGETED_DEVICE_FAMILY = "1,2";
			};
			name = Release;
		};
/* End XCBuildConfiguration section */

/* Begin XCConfigurationList section */
		52ACD1E42A3C7EE900CC9EEA /* Build configuration list for PBXProject "UniversityInformation" */ = {
			isa = XCConfigurationList;
			buildConfigurations = (
				52ACD1FB2A3C7EEA00CC9EEA /* Debug */,
				52ACD1FC2A3C7EEA00CC9EEA /* Release */,
			);
			defaultConfigurationIsVisible = 0;
			defaultConfigurationName = Release;
		};
		52ACD1FD2A3C7EEA00CC9EEA /* Build configuration list for PBXNativeTarget "UniversityInformation" */ = {
			isa = XCConfigurationList;
			buildConfigurations = (
				52ACD1FE2A3C7EEA00CC9EEA /* Debug */,
				52ACD1FF2A3C7EEA00CC9EEA /* Release */,
			);
			defaultConfigurationIsVisible = 0;
			defaultConfigurationName = Release;
		};
/* End XCConfigurationList section */
	};
	rootObject = 52ACD1E12A3C7EE900CC9EEA /* Project object */;
}
